
Microsoft Visual Studio Solution File, Format Version 12.00
# Visual Studio Version 16
VisualStudioVersion = 16.0.30804.86
MinimumVisualStudioVersion = 10.0.40219.1
Project("{FAE04EC0-301F-11D3-BF4B-00C04F79EFBC}") = "SecuringWebApiUsingJwtAuthentication", "SecuringWebApiUsingJwtAuthentication\SecuringWebApiUsingJwtAuthentication.csproj", "{2D4EE831-BD7E-4471-A9AE-947B504601EA}"
EndProject
Global
	GlobalSection(SolutionConfigurationPlatforms) = preSolution
		Debug|Any CPU = Debug|Any CPU
		Release|Any CPU = Release|Any CPU
	EndGlobalSection
	GlobalSection(ProjectConfigurationPlatforms) = postSolution
		{2D4EE831-BD7E-4471-A9AE-947B504601EA}.Debug|Any CPU.ActiveCfg = Debug|Any CPU
		{2D4EE831-BD7E-4471-A9AE-947B504601EA}.Debug|Any CPU.Build.0 = Debug|Any CPU
		{2D4EE831-BD7E-4471-A9AE-947B504601EA}.Release|Any CPU.ActiveCfg = Release|Any CPU
		{2D4EE831-BD7E-4471-A9AE-947B504601EA}.Release|Any CPU.Build.0 = Release|Any CPU
	EndGlobalSection
	GlobalSection(SolutionProperties) = preSolution
		HideSolutionNode = FALSE
	EndGlobalSection
	GlobalSection(ExtensibilityGlobals) = postSolution
		SolutionGuid = {AB5B8B26-7367-4985-AA72-2E29191A2770}
	EndGlobalSection
EndGlobal
